
Microsoft Visual Studio Solution File, Format Version 12.00
# Visual Studio Version 17
VisualStudioVersion = 17.2.32602.215
MinimumVisualStudioVersion = 10.0.40219.1
Project("{FAE04EC0-301F-11D3-BF4B-00C04F79EFBC}") = "ExercicioAula07", "ExercicioAula07\ExercicioAula07.csproj", "{0D27D42B-8DFA-43E6-9A87-0DB06EB67C4C}"
EndProject
Global
	GlobalSection(SolutionConfigurationPlatforms) = preSolution
		Debug|Any CPU = Debug|Any CPU
		Release|Any CPU = Release|Any CPU
	EndGlobalSection
	GlobalSection(ProjectConfigurationPlatforms) = postSolution
		{0D27D42B-8DFA-43E6-9A87-0DB06EB67C4C}.Debug|Any CPU.ActiveCfg = Debug|Any CPU
		{0D27D42B-8DFA-43E6-9A87-0DB06EB67C4C}.Debug|Any CPU.Build.0 = Debug|Any CPU
		{0D27D42B-8DFA-43E6-9A87-0DB06EB67C4C}.Release|Any CPU.ActiveCfg = Release|Any CPU
		{0D27D42B-8DFA-43E6-9A87-0DB06EB67C4C}.Release|Any CPU.Build.0 = Release|Any CPU
	EndGlobalSection
	GlobalSection(SolutionProperties) = preSolution
		HideSolutionNode = FALSE
	EndGlobalSection
	GlobalSection(ExtensibilityGlobals) = postSolution
		SolutionGuid = {95ED86A3-DB99-4079-A167-F5C777FFFE59}
	EndGlobalSection
EndGlobal
